
Microsoft Visual Studio Solution File, Format Version 12.00
# Visual Studio 2012
Project("{FAE04EC0-301F-11D3-BF4B-00C04F79EFBC}") = "WebApplication1", "WebApplication1\WebApplication1.csproj", "{B74C108E-D6F5-44D4-A1C9-BC542AC2EF4F}"
EndProject
Global
	GlobalSection(SolutionConfigurationPlatforms) = preSolution
		Debug|Any CPU = Debug|Any CPU
		Release|Any CPU = Release|Any CPU
	EndGlobalSection
	GlobalSection(ProjectConfigurationPlatforms) = postSolution
		{B74C108E-D6F5-44D4-A1C9-BC542AC2EF4F}.Debug|Any CPU.ActiveCfg = Debug|Any CPU
		{B74C108E-D6F5-44D4-A1C9-BC542AC2EF4F}.Debug|Any CPU.Build.0 = Debug|Any CPU
		{B74C108E-D6F5-44D4-A1C9-BC542AC2EF4F}.Release|Any CPU.ActiveCfg = Release|Any CPU
		{B74C108E-D6F5-44D4-A1C9-BC542AC2EF4F}.Release|Any CPU.Build.0 = Release|Any CPU
	EndGlobalSection
	GlobalSection(SolutionProperties) = preSolution
		HideSolutionNode = FALSE
	EndGlobalSection
EndGlobal
