
Microsoft Visual Studio Solution File, Format Version 12.00
# Visual Studio 2012
Project("{FAE04EC0-301F-11D3-BF4B-00C04F79EFBC}") = "MetalsWebApplication", "MetalsWebApplication\MetalsWebApplication.csproj", "{90AC7C99-20DB-4DC9-9EEC-E08A5D39183B}"
EndProject
Global
	GlobalSection(SolutionConfigurationPlatforms) = preSolution
		Debug|Any CPU = Debug|Any CPU
		Release|Any CPU = Release|Any CPU
	EndGlobalSection
	GlobalSection(ProjectConfigurationPlatforms) = postSolution
		{90AC7C99-20DB-4DC9-9EEC-E08A5D39183B}.Debug|Any CPU.ActiveCfg = Debug|Any CPU
		{90AC7C99-20DB-4DC9-9EEC-E08A5D39183B}.Debug|Any CPU.Build.0 = Debug|Any CPU
		{90AC7C99-20DB-4DC9-9EEC-E08A5D39183B}.Release|Any CPU.ActiveCfg = Release|Any CPU
		{90AC7C99-20DB-4DC9-9EEC-E08A5D39183B}.Release|Any CPU.Build.0 = Release|Any CPU
	EndGlobalSection
	GlobalSection(SolutionProperties) = preSolution
		HideSolutionNode = FALSE
	EndGlobalSection
EndGlobal
